
Microsoft Visual Studio Solution File, Format Version 12.00
# Visual Studio Version 17
VisualStudioVersion = 17.13.35931.197 d17.13
MinimumVisualStudioVersion = 10.0.40219.1
Project("{FAE04EC0-301F-11D3-BF4B-00C04F79EFBC}") = "PrimeiroProjeto", "PrimeiroProjeto\PrimeiroProjeto.csproj", "{66C46CBB-4760-4716-BA72-7BEFC49D3FA5}"
EndProject
Global
	GlobalSection(SolutionConfigurationPlatforms) = preSolution
		Debug|Any CPU = Debug|Any CPU
		Release|Any CPU = Release|Any CPU
	EndGlobalSection
	GlobalSection(ProjectConfigurationPlatforms) = postSolution
		{66C46CBB-4760-4716-BA72-7BEFC49D3FA5}.Debug|Any CPU.ActiveCfg = Debug|Any CPU
		{66C46CBB-4760-4716-BA72-7BEFC49D3FA5}.Debug|Any CPU.Build.0 = Debug|Any CPU
		{66C46CBB-4760-4716-BA72-7BEFC49D3FA5}.Release|Any CPU.ActiveCfg = Release|Any CPU
		{66C46CBB-4760-4716-BA72-7BEFC49D3FA5}.Release|Any CPU.Build.0 = Release|Any CPU
	EndGlobalSection
	GlobalSection(SolutionProperties) = preSolution
		HideSolutionNode = FALSE
	EndGlobalSection
	GlobalSection(ExtensibilityGlobals) = postSolution
		SolutionGuid = {6A334A4C-F743-4CF7-B088-9BD84D8FE06C}
	EndGlobalSection
EndGlobal
